
Microsoft Visual Studio Solution File, Format Version 12.00
# Visual Studio 15
VisualStudioVersion = 15.0.26124.0
MinimumVisualStudioVersion = 15.0.26124.0
Project("{FAE04EC0-301F-11D3-BF4B-00C04F79EFBC}") = "PizzaBox.Client", "PizzaBox.Client\PizzaBox.Client.csproj", "{8B57267A-E582-4091-AAA3-FBD059EB2C68}"
EndProject
Project("{FAE04EC0-301F-11D3-BF4B-00C04F79EFBC}") = "PizzaBox.Domain", "PizzaBox.Domain\PizzaBox.Domain.csproj", "{2D962B46-0999-42E6-AD2C-CD747659EED9}"
EndProject
Project("{FAE04EC0-301F-11D3-BF4B-00C04F79EFBC}") = "PizzaBox.Tests", "PizzaBox.Tests\PizzaBox.Tests.csproj", "{7C3D9EDD-9A63-45C8-AE50-B96885CF3020}"
EndProject
Global
	GlobalSection(SolutionConfigurationPlatforms) = preSolution
		Debug|Any CPU = Debug|Any CPU
		Debug|x64 = Debug|x64
		Debug|x86 = Debug|x86
		Release|Any CPU = Release|Any CPU
		Release|x64 = Release|x64
		Release|x86 = Release|x86
	EndGlobalSection
	GlobalSection(SolutionProperties) = preSolution
		HideSolutionNode = FALSE
	EndGlobalSection
	GlobalSection(ProjectConfigurationPlatforms) = postSolution
		{8B57267A-E582-4091-AAA3-FBD059EB2C68}.Debug|Any CPU.ActiveCfg = Debug|Any CPU
		{8B57267A-E582-4091-AAA3-FBD059EB2C68}.Debug|Any CPU.Build.0 = Debug|Any CPU
		{8B57267A-E582-4091-AAA3-FBD059EB2C68}.Debug|x64.ActiveCfg = Debug|Any CPU
		{8B57267A-E582-4091-AAA3-FBD059EB2C68}.Debug|x64.Build.0 = Debug|Any CPU
		{8B57267A-E582-4091-AAA3-FBD059EB2C68}.Debug|x86.ActiveCfg = Debug|Any CPU
		{8B57267A-E582-4091-AAA3-FBD059EB2C68}.Debug|x86.Build.0 = Debug|Any CPU
		{8B57267A-E582-4091-AAA3-FBD059EB2C68}.Release|Any CPU.ActiveCfg = Release|Any CPU
		{8B57267A-E582-4091-AAA3-FBD059EB2C68}.Release|Any CPU.Build.0 = Release|Any CPU
		{8B57267A-E582-4091-AAA3-FBD059EB2C68}.Release|x64.ActiveCfg = Release|Any CPU
		{8B57267A-E582-4091-AAA3-FBD059EB2C68}.Release|x64.Build.0 = Release|Any CPU
		{8B57267A-E582-4091-AAA3-FBD059EB2C68}.Release|x86.ActiveCfg = Release|Any CPU
		{8B57267A-E582-4091-AAA3-FBD059EB2C68}.Release|x86.Build.0 = Release|Any CPU
		{2D962B46-0999-42E6-AD2C-CD747659EED9}.Debug|Any CPU.ActiveCfg = Debug|Any CPU
		{2D962B46-0999-42E6-AD2C-CD747659EED9}.Debug|Any CPU.Build.0 = Debug|Any CPU
		{2D962B46-0999-42E6-AD2C-CD747659EED9}.Debug|x64.ActiveCfg = Debug|Any CPU
		{2D962B46-0999-42E6-AD2C-CD747659EED9}.Debug|x64.Build.0 = Debug|Any CPU
		{2D962B46-0999-42E6-AD2C-CD747659EED9}.Debug|x86.ActiveCfg = Debug|Any CPU
		{2D962B46-0999-42E6-AD2C-CD747659EED9}.Debug|x86.Build.0 = Debug|Any CPU
		{2D962B46-0999-42E6-AD2C-CD747659EED9}.Release|Any CPU.ActiveCfg = Release|Any CPU
		{2D962B46-0999-42E6-AD2C-CD747659EED9}.Release|Any CPU.Build.0 = Release|Any CPU
		{2D962B46-0999-42E6-AD2C-CD747659EED9}.Release|x64.ActiveCfg = Release|Any CPU
		{2D962B46-0999-42E6-AD2C-CD747659EED9}.Release|x64.Build.0 = Release|Any CPU
		{2D962B46-0999-42E6-AD2C-CD747659EED9}.Release|x86.ActiveCfg = Release|Any CPU
		{2D962B46-0999-42E6-AD2C-CD747659EED9}.Release|x86.Build.0 = Release|Any CPU
		{7C3D9EDD-9A63-45C8-AE50-B96885CF3020}.Debug|Any CPU.ActiveCfg = Debug|Any CPU
		{7C3D9EDD-9A63-45C8-AE50-B96885CF3020}.Debug|Any CPU.Build.0 = Debug|Any CPU
		{7C3D9EDD-9A63-45C8-AE50-B96885CF3020}.Debug|x64.ActiveCfg = Debug|Any CPU
		{7C3D9EDD-9A63-45C8-AE50-B96885CF3020}.Debug|x64.Build.0 = Debug|Any CPU
		{7C3D9EDD-9A63-45C8-AE50-B96885CF3020}.Debug|x86.ActiveCfg = Debug|Any CPU
		{7C3D9EDD-9A63-45C8-AE50-B96885CF3020}.Debug|x86.Build.0 = Debug|Any CPU
		{7C3D9EDD-9A63-45C8-AE50-B96885CF3020}.Release|Any CPU.ActiveCfg = Release|Any CPU
		{7C3D9EDD-9A63-45C8-AE50-B96885CF3020}.Release|Any CPU.Build.0 = Release|Any CPU
		{7C3D9EDD-9A63-45C8-AE50-B96885CF3020}.Release|x64.ActiveCfg = Release|Any CPU
		{7C3D9EDD-9A63-45C8-AE50-B96885CF3020}.Release|x64.Build.0 = Release|Any CPU
		{7C3D9EDD-9A63-45C8-AE50-B96885CF3020}.Release|x86.ActiveCfg = Release|Any CPU
		{7C3D9EDD-9A63-45C8-AE50-B96885CF3020}.Release|x86.Build.0 = Release|Any CPU
	EndGlobalSection
EndGlobal
